
Microsoft Visual Studio Solution File, Format Version 12.00
# Visual Studio 2012
Project("{8BC9CEB8-8B4A-11D0-8D11-00A0C91BC942}") = "ScanningAlgorithm", "ScanningAlgorithm\ScanningAlgorithm.vcxproj", "{AE45CEE3-CE58-450A-9BDA-5CB0C054E7D9}"
EndProject
Global
	GlobalSection(SolutionConfigurationPlatforms) = preSolution
		Debug|Win32 = Debug|Win32
		Release|Win32 = Release|Win32
	EndGlobalSection
	GlobalSection(ProjectConfigurationPlatforms) = postSolution
		{AE45CEE3-CE58-450A-9BDA-5CB0C054E7D9}.Debug|Win32.ActiveCfg = Debug|Win32
		{AE45CEE3-CE58-450A-9BDA-5CB0C054E7D9}.Debug|Win32.Build.0 = Debug|Win32
		{AE45CEE3-CE58-450A-9BDA-5CB0C054E7D9}.Release|Win32.ActiveCfg = Release|Win32
		{AE45CEE3-CE58-450A-9BDA-5CB0C054E7D9}.Release|Win32.Build.0 = Release|Win32
	EndGlobalSection
	GlobalSection(SolutionProperties) = preSolution
		HideSolutionNode = FALSE
	EndGlobalSection
EndGlobal
